
Microsoft Visual Studio Solution File, Format Version 12.00
# Visual Studio Version 17
VisualStudioVersion = 17.9.34607.119
MinimumVisualStudioVersion = 10.0.40219.1
Project("{FAE04EC0-301F-11D3-BF4B-00C04F79EFBC}") = "TopTen.Server", "TopTen.Server\TopTen.Server.csproj", "{82864B12-D8FC-4AB3-9B7C-F0CEBE88E4B6}"
EndProject
Project("{54A90642-561A-4BB1-A94E-469ADEE60C69}") = "topten.client", "topten.client\topten.client.esproj", "{DBBE199C-11FE-468D-A0E9-F0738D8EF663}"
EndProject
Global
	GlobalSection(SolutionConfigurationPlatforms) = preSolution
		Debug|Any CPU = Debug|Any CPU
		Release|Any CPU = Release|Any CPU
	EndGlobalSection
	GlobalSection(ProjectConfigurationPlatforms) = postSolution
		{82864B12-D8FC-4AB3-9B7C-F0CEBE88E4B6}.Debug|Any CPU.ActiveCfg = Debug|Any CPU
		{82864B12-D8FC-4AB3-9B7C-F0CEBE88E4B6}.Debug|Any CPU.Build.0 = Debug|Any CPU
		{82864B12-D8FC-4AB3-9B7C-F0CEBE88E4B6}.Release|Any CPU.ActiveCfg = Release|Any CPU
		{82864B12-D8FC-4AB3-9B7C-F0CEBE88E4B6}.Release|Any CPU.Build.0 = Release|Any CPU
		{DBBE199C-11FE-468D-A0E9-F0738D8EF663}.Debug|Any CPU.ActiveCfg = Debug|Any CPU
		{DBBE199C-11FE-468D-A0E9-F0738D8EF663}.Debug|Any CPU.Build.0 = Debug|Any CPU
		{DBBE199C-11FE-468D-A0E9-F0738D8EF663}.Debug|Any CPU.Deploy.0 = Debug|Any CPU
		{DBBE199C-11FE-468D-A0E9-F0738D8EF663}.Release|Any CPU.ActiveCfg = Release|Any CPU
		{DBBE199C-11FE-468D-A0E9-F0738D8EF663}.Release|Any CPU.Build.0 = Release|Any CPU
		{DBBE199C-11FE-468D-A0E9-F0738D8EF663}.Release|Any CPU.Deploy.0 = Release|Any CPU
	EndGlobalSection
	GlobalSection(SolutionProperties) = preSolution
		HideSolutionNode = FALSE
	EndGlobalSection
	GlobalSection(ExtensibilityGlobals) = postSolution
		SolutionGuid = {3290CE6F-E37A-4F83-B1D2-345382E58D99}
	EndGlobalSection
EndGlobal
